
Microsoft Visual Studio Solution File, Format Version 12.00
# Visual Studio Version 17
VisualStudioVersion = 17.8.34408.163
MinimumVisualStudioVersion = 10.0.40219.1
Project("{FAE04EC0-301F-11D3-BF4B-00C04F79EFBC}") = "Forward_ICE", "Forward_ICE\Forward_ICE.csproj", "{D13171F1-63BD-4521-95C3-BC43CCC3E752}"
EndProject
Global
	GlobalSection(SolutionConfigurationPlatforms) = preSolution
		Debug|Any CPU = Debug|Any CPU
		Release|Any CPU = Release|Any CPU
	EndGlobalSection
	GlobalSection(ProjectConfigurationPlatforms) = postSolution
		{D13171F1-63BD-4521-95C3-BC43CCC3E752}.Debug|Any CPU.ActiveCfg = Debug|Any CPU
		{D13171F1-63BD-4521-95C3-BC43CCC3E752}.Debug|Any CPU.Build.0 = Debug|Any CPU
		{D13171F1-63BD-4521-95C3-BC43CCC3E752}.Release|Any CPU.ActiveCfg = Release|Any CPU
		{D13171F1-63BD-4521-95C3-BC43CCC3E752}.Release|Any CPU.Build.0 = Release|Any CPU
	EndGlobalSection
	GlobalSection(SolutionProperties) = preSolution
		HideSolutionNode = FALSE
	EndGlobalSection
	GlobalSection(ExtensibilityGlobals) = postSolution
		SolutionGuid = {2B07CC38-A38B-4E39-8401-A45AA70F95B4}
	EndGlobalSection
EndGlobal
